
Microsoft Visual Studio Solution File, Format Version 12.00
# Visual Studio 15
VisualStudioVersion = 15.0.28307.852
MinimumVisualStudioVersion = 10.0.40219.1
Project("{FAE04EC0-301F-11D3-BF4B-00C04F79EFBC}") = "ComexII", "ComexII\ComexII.csproj", "{92BD48D2-2709-4C46-A1F5-CDEDCD09BF06}"
EndProject
Project("{FAE04EC0-301F-11D3-BF4B-00C04F79EFBC}") = "ComexII.Tests", "ComexII.Tests\ComexII.Tests.csproj", "{5172ED88-0618-4593-BB71-F56197F9A18C}"
EndProject
Global
	GlobalSection(SolutionConfigurationPlatforms) = preSolution
		Debug|Any CPU = Debug|Any CPU
		Release|Any CPU = Release|Any CPU
	EndGlobalSection
	GlobalSection(ProjectConfigurationPlatforms) = postSolution
		{92BD48D2-2709-4C46-A1F5-CDEDCD09BF06}.Debug|Any CPU.ActiveCfg = Debug|Any CPU
		{92BD48D2-2709-4C46-A1F5-CDEDCD09BF06}.Debug|Any CPU.Build.0 = Debug|Any CPU
		{92BD48D2-2709-4C46-A1F5-CDEDCD09BF06}.Release|Any CPU.ActiveCfg = Release|Any CPU
		{92BD48D2-2709-4C46-A1F5-CDEDCD09BF06}.Release|Any CPU.Build.0 = Release|Any CPU
		{5172ED88-0618-4593-BB71-F56197F9A18C}.Debug|Any CPU.ActiveCfg = Debug|Any CPU
		{5172ED88-0618-4593-BB71-F56197F9A18C}.Debug|Any CPU.Build.0 = Debug|Any CPU
		{5172ED88-0618-4593-BB71-F56197F9A18C}.Release|Any CPU.ActiveCfg = Release|Any CPU
		{5172ED88-0618-4593-BB71-F56197F9A18C}.Release|Any CPU.Build.0 = Release|Any CPU
	EndGlobalSection
	GlobalSection(SolutionProperties) = preSolution
		HideSolutionNode = FALSE
	EndGlobalSection
	GlobalSection(ExtensibilityGlobals) = postSolution
		SolutionGuid = {A3E99477-3342-4D30-9104-7C5F8F385E9C}
	EndGlobalSection
EndGlobal
